
Microsoft Visual Studio Solution File, Format Version 12.00
Project("{FAE04EC0-301F-11D3-BF4B-00C04F79EFBC}") = "JerrettDavis.Notifications", "JerrettDavis.Notifications\JerrettDavis.Notifications.csproj", "{C199CCFC-196C-44FD-9F9A-04E455A5DC81}"
EndProject
Project("{FAE04EC0-301F-11D3-BF4B-00C04F79EFBC}") = "JerrettDavis.Notifications.UI", "JerrettDavis.Notifications.UI\JerrettDavis.Notifications.UI.csproj", "{E867CBE8-BBBA-43F3-9602-E15971361B51}"
EndProject
Global
	GlobalSection(SolutionConfigurationPlatforms) = preSolution
		Debug|Any CPU = Debug|Any CPU
		Release|Any CPU = Release|Any CPU
	EndGlobalSection
	GlobalSection(ProjectConfigurationPlatforms) = postSolution
		{C199CCFC-196C-44FD-9F9A-04E455A5DC81}.Debug|Any CPU.ActiveCfg = Debug|Any CPU
		{C199CCFC-196C-44FD-9F9A-04E455A5DC81}.Debug|Any CPU.Build.0 = Debug|Any CPU
		{C199CCFC-196C-44FD-9F9A-04E455A5DC81}.Release|Any CPU.ActiveCfg = Release|Any CPU
		{C199CCFC-196C-44FD-9F9A-04E455A5DC81}.Release|Any CPU.Build.0 = Release|Any CPU
		{E867CBE8-BBBA-43F3-9602-E15971361B51}.Debug|Any CPU.ActiveCfg = Debug|Any CPU
		{E867CBE8-BBBA-43F3-9602-E15971361B51}.Debug|Any CPU.Build.0 = Debug|Any CPU
		{E867CBE8-BBBA-43F3-9602-E15971361B51}.Release|Any CPU.ActiveCfg = Release|Any CPU
		{E867CBE8-BBBA-43F3-9602-E15971361B51}.Release|Any CPU.Build.0 = Release|Any CPU
	EndGlobalSection
EndGlobal
